
Microsoft Visual Studio Solution File, Format Version 12.00
# Visual Studio Version 16
VisualStudioVersion = 16.0.31515.178
MinimumVisualStudioVersion = 10.0.40219.1
Project("{9A19103F-16F7-4668-BE54-9A1E7A4F7556}") = "SeedHealthApp", "SeedHealthApp\SeedHealthApp\SeedHealthApp.csproj", "{687FF4E8-0416-4270-9A57-C568B59E5029}"
EndProject
Project("{FAE04EC0-301F-11D3-BF4B-00C04F79EFBC}") = "SeedHealthApp.Android", "SeedHealthApp\SeedHealthApp.Android\SeedHealthApp.Android.csproj", "{B0189776-8E98-4582-AB7D-330621E8B94D}"
EndProject
Project("{FAE04EC0-301F-11D3-BF4B-00C04F79EFBC}") = "SeedHealthApp.iOS", "SeedHealthApp\SeedHealthApp.iOS\SeedHealthApp.iOS.csproj", "{A981122B-70AB-460D-8E86-54BD1D022FAD}"
EndProject
Project("{FAE04EC0-301F-11D3-BF4B-00C04F79EFBC}") = "SeedHealthApp.UWP", "SeedHealthApp\SeedHealthApp.UWP\SeedHealthApp.UWP.csproj", "{3C5257C2-A10C-49DD-9957-A1A9D81CE2C0}"
EndProject
Global
	GlobalSection(SolutionConfigurationPlatforms) = preSolution
		Ad-Hoc|Any CPU = Ad-Hoc|Any CPU
		Ad-Hoc|ARM = Ad-Hoc|ARM
		Ad-Hoc|iPhone = Ad-Hoc|iPhone
		Ad-Hoc|iPhoneSimulator = Ad-Hoc|iPhoneSimulator
		Ad-Hoc|x64 = Ad-Hoc|x64
		Ad-Hoc|x86 = Ad-Hoc|x86
		AppStore|Any CPU = AppStore|Any CPU
		AppStore|ARM = AppStore|ARM
		AppStore|iPhone = AppStore|iPhone
		AppStore|iPhoneSimulator = AppStore|iPhoneSimulator
		AppStore|x64 = AppStore|x64
		AppStore|x86 = AppStore|x86
		Debug|Any CPU = Debug|Any CPU
		Debug|ARM = Debug|ARM
		Debug|iPhone = Debug|iPhone
		Debug|iPhoneSimulator = Debug|iPhoneSimulator
		Debug|x64 = Debug|x64
		Debug|x86 = Debug|x86
		Release|Any CPU = Release|Any CPU
		Release|ARM = Release|ARM
		Release|iPhone = Release|iPhone
		Release|iPhoneSimulator = Release|iPhoneSimulator
		Release|x64 = Release|x64
		Release|x86 = Release|x86
	EndGlobalSection
	GlobalSection(ProjectConfigurationPlatforms) = postSolution
		{687FF4E8-0416-4270-9A57-C568B59E5029}.Ad-Hoc|Any CPU.ActiveCfg = Debug|Any CPU
		{687FF4E8-0416-4270-9A57-C568B59E5029}.Ad-Hoc|Any CPU.Build.0 = Debug|Any CPU
		{687FF4E8-0416-4270-9A57-C568B59E5029}.Ad-Hoc|ARM.ActiveCfg = Debug|Any CPU
		{687FF4E8-0416-4270-9A57-C568B59E5029}.Ad-Hoc|ARM.Build.0 = Debug|Any CPU
		{687FF4E8-0416-4270-9A57-C568B59E5029}.Ad-Hoc|iPhone.ActiveCfg = Debug|Any CPU
		{687FF4E8-0416-4270-9A57-C568B59E5029}.Ad-Hoc|iPhone.Build.0 = Debug|Any CPU
		{687FF4E8-0416-4270-9A57-C568B59E5029}.Ad-Hoc|iPhoneSimulator.ActiveCfg = Debug|Any CPU
		{687FF4E8-0416-4270-9A57-C568B59E5029}.Ad-Hoc|iPhoneSimulator.Build.0 = Debug|Any CPU
		{687FF4E8-0416-4270-9A57-C568B59E5029}.Ad-Hoc|x64.ActiveCfg = Debug|Any CPU
		{687FF4E8-0416-4270-9A57-C568B59E5029}.Ad-Hoc|x64.Build.0 = Debug|Any CPU
		{687FF4E8-0416-4270-9A57-C568B59E5029}.Ad-Hoc|x86.ActiveCfg = Debug|Any CPU
		{687FF4E8-0416-4270-9A57-C568B59E5029}.Ad-Hoc|x86.Build.0 = Debug|Any CPU
		{687FF4E8-0416-4270-9A57-C568B59E5029}.AppStore|Any CPU.ActiveCfg = Debug|Any CPU
		{687FF4E8-0416-4270-9A57-C568B59E5029}.AppStore|Any CPU.Build.0 = Debug|Any CPU
		{687FF4E8-0416-4270-9A57-C568B59E5029}.AppStore|ARM.ActiveCfg = Debug|Any CPU
		{687FF4E8-0416-4270-9A57-C568B59E5029}.AppStore|ARM.Build.0 = Debug|Any CPU
		{687FF4E8-0416-4270-9A57-C568B59E5029}.AppStore|iPhone.ActiveCfg = Debug|Any CPU
		{687FF4E8-0416-4270-9A57-C568B59E5029}.AppStore|iPhone.Build.0 = Debug|Any CPU
		{687FF4E8-0416-4270-9A57-C568B59E5029}.AppStore|iPhoneSimulator.ActiveCfg = Debug|Any CPU
		{687FF4E8-0416-4270-9A57-C568B59E5029}.AppStore|iPhoneSimulator.Build.0 = Debug|Any CPU
		{687FF4E8-0416-4270-9A57-C568B59E5029}.AppStore|x64.ActiveCfg = Debug|Any CPU
		{687FF4E8-0416-4270-9A57-C568B59E5029}.AppStore|x64.Build.0 = Debug|Any CPU
		{687FF4E8-0416-4270-9A57-C568B59E5029}.AppStore|x86.ActiveCfg = Debug|Any CPU
		{687FF4E8-0416-4270-9A57-C568B59E5029}.AppStore|x86.Build.0 = Debug|Any CPU
		{687FF4E8-0416-4270-9A57-C568B59E5029}.Debug|Any CPU.ActiveCfg = Debug|Any CPU
		{687FF4E8-0416-4270-9A57-C568B59E5029}.Debug|Any CPU.Build.0 = Debug|Any CPU
		{687FF4E8-0416-4270-9A57-C568B59E5029}.Debug|ARM.ActiveCfg = Debug|Any CPU
		{687FF4E8-0416-4270-9A57-C568B59E5029}.Debug|ARM.Build.0 = Debug|Any CPU
		{687FF4E8-0416-4270-9A57-C568B59E5029}.Debug|iPhone.ActiveCfg = Debug|Any CPU
		{687FF4E8-0416-4270-9A57-C568B59E5029}.Debug|iPhone.Build.0 = Debug|Any CPU
		{687FF4E8-0416-4270-9A57-C568B59E5029}.Debug|iPhoneSimulator.ActiveCfg = Debug|Any CPU
		{687FF4E8-0416-4270-9A57-C568B59E5029}.Debug|iPhoneSimulator.Build.0 = Debug|Any CPU
		{687FF4E8-0416-4270-9A57-C568B59E5029}.Debug|x64.ActiveCfg = Debug|Any CPU
		{687FF4E8-0416-4270-9A57-C568B59E5029}.Debug|x64.Build.0 = Debug|Any CPU
		{687FF4E8-0416-4270-9A57-C568B59E5029}.Debug|x86.ActiveCfg = Debug|Any CPU
		{687FF4E8-0416-4270-9A57-C568B59E5029}.Debug|x86.Build.0 = Debug|Any CPU
		{687FF4E8-0416-4270-9A57-C568B59E5029}.Release|Any CPU.ActiveCfg = Release|Any CPU
		{687FF4E8-0416-4270-9A57-C568B59E5029}.Release|Any CPU.Build.0 = Release|Any CPU
		{687FF4E8-0416-4270-9A57-C568B59E5029}.Release|ARM.ActiveCfg = Release|Any CPU
		{687FF4E8-0416-4270-9A57-C568B59E5029}.Release|ARM.Build.0 = Release|Any CPU
		{687FF4E8-0416-4270-9A57-C568B59E5029}.Release|iPhone.ActiveCfg = Release|Any CPU
		{687FF4E8-0416-4270-9A57-C568B59E5029}.Release|iPhone.Build.0 = Release|Any CPU
		{687FF4E8-0416-4270-9A57-C568B59E5029}.Release|iPhoneSimulator.ActiveCfg = Release|Any CPU
		{687FF4E8-0416-4270-9A57-C568B59E5029}.Release|iPhoneSimulator.Build.0 = Release|Any CPU
		{687FF4E8-0416-4270-9A57-C568B59E5029}.Release|x64.ActiveCfg = Release|Any CPU
		{687FF4E8-0416-4270-9A57-C568B59E5029}.Release|x64.Build.0 = Release|Any CPU
		{687FF4E8-0416-4270-9A57-C568B59E5029}.Release|x86.ActiveCfg = Release|Any CPU
		{687FF4E8-0416-4270-9A57-C568B59E5029}.Release|x86.Build.0 = Release|Any CPU
		{B0189776-8E98-4582-AB7D-330621E8B94D}.Ad-Hoc|Any CPU.ActiveCfg = Debug|Any CPU
		{B0189776-8E98-4582-AB7D-330621E8B94D}.Ad-Hoc|Any CPU.Build.0 = Debug|Any CPU
		{B0189776-8E98-4582-AB7D-330621E8B94D}.Ad-Hoc|Any CPU.Deploy.0 = Debug|Any CPU
		{B0189776-8E98-4582-AB7D-330621E8B94D}.Ad-Hoc|ARM.ActiveCfg = Debug|Any CPU
		{B0189776-8E98-4582-AB7D-330621E8B94D}.Ad-Hoc|ARM.Build.0 = Debug|Any CPU
		{B0189776-8E98-4582-AB7D-330621E8B94D}.Ad-Hoc|ARM.Deploy.0 = Debug|Any CPU
		{B0189776-8E98-4582-AB7D-330621E8B94D}.Ad-Hoc|iPhone.ActiveCfg = Debug|Any CPU
		{B0189776-8E98-4582-AB7D-330621E8B94D}.Ad-Hoc|iPhone.Build.0 = Debug|Any CPU
		{B0189776-8E98-4582-AB7D-330621E8B94D}.Ad-Hoc|iPhone.Deploy.0 = Debug|Any CPU
		{B0189776-8E98-4582-AB7D-330621E8B94D}.Ad-Hoc|iPhoneSimulator.ActiveCfg = Debug|Any CPU
		{B0189776-8E98-4582-AB7D-330621E8B94D}.Ad-Hoc|iPhoneSimulator.Build.0 = Debug|Any CPU
		{B0189776-8E98-4582-AB7D-330621E8B94D}.Ad-Hoc|iPhoneSimulator.Deploy.0 = Debug|Any CPU
		{B0189776-8E98-4582-AB7D-330621E8B94D}.Ad-Hoc|x64.ActiveCfg = Debug|Any CPU
		{B0189776-8E98-4582-AB7D-330621E8B94D}.Ad-Hoc|x64.Build.0 = Debug|Any CPU
		{B0189776-8E98-4582-AB7D-330621E8B94D}.Ad-Hoc|x64.Deploy.0 = Debug|Any CPU
		{B0189776-8E98-4582-AB7D-330621E8B94D}.Ad-Hoc|x86.ActiveCfg = Debug|Any CPU
		{B0189776-8E98-4582-AB7D-330621E8B94D}.Ad-Hoc|x86.Build.0 = Debug|Any CPU
		{B0189776-8E98-4582-AB7D-330621E8B94D}.Ad-Hoc|x86.Deploy.0 = Debug|Any CPU
		{B0189776-8E98-4582-AB7D-330621E8B94D}.AppStore|Any CPU.ActiveCfg = Debug|Any CPU
		{B0189776-8E98-4582-AB7D-330621E8B94D}.AppStore|Any CPU.Build.0 = Debug|Any CPU
		{B0189776-8E98-4582-AB7D-330621E8B94D}.AppStore|Any CPU.Deploy.0 = Debug|Any CPU
		{B0189776-8E98-4582-AB7D-330621E8B94D}.AppStore|ARM.ActiveCfg = Debug|Any CPU
		{B0189776-8E98-4582-AB7D-330621E8B94D}.AppStore|ARM.Build.0 = Debug|Any CPU
		{B0189776-8E98-4582-AB7D-330621E8B94D}.AppStore|ARM.Deploy.0 = Debug|Any CPU
		{B0189776-8E98-4582-AB7D-330621E8B94D}.AppStore|iPhone.ActiveCfg = Debug|Any CPU
		{B0189776-8E98-4582-AB7D-330621E8B94D}.AppStore|iPhone.Build.0 = Debug|Any CPU
		{B0189776-8E98-4582-AB7D-330621E8B94D}.AppStore|iPhone.Deploy.0 = Debug|Any CPU
		{B0189776-8E98-4582-AB7D-330621E8B94D}.AppStore|iPhoneSimulator.ActiveCfg = Debug|Any CPU
		{B0189776-8E98-4582-AB7D-330621E8B94D}.AppStore|iPhoneSimulator.Build.0 = Debug|Any CPU
		{B0189776-8E98-4582-AB7D-330621E8B94D}.AppStore|iPhoneSimulator.Deploy.0 = Debug|Any CPU
		{B0189776-8E98-4582-AB7D-330621E8B94D}.AppStore|x64.ActiveCfg = Debug|Any CPU
		{B0189776-8E98-4582-AB7D-330621E8B94D}.AppStore|x64.Build.0 = Debug|Any CPU
		{B0189776-8E98-4582-AB7D-330621E8B94D}.AppStore|x64.Deploy.0 = Debug|Any CPU
		{B0189776-8E98-4582-AB7D-330621E8B94D}.AppStore|x86.ActiveCfg = Debug|Any CPU
		{B0189776-8E98-4582-AB7D-330621E8B94D}.AppStore|x86.Build.0 = Debug|Any CPU
		{B0189776-8E98-4582-AB7D-330621E8B94D}.AppStore|x86.Deploy.0 = Debug|Any CPU
		{B0189776-8E98-4582-AB7D-330621E8B94D}.Debug|Any CPU.ActiveCfg = Debug|Any CPU
		{B0189776-8E98-4582-AB7D-330621E8B94D}.Debug|Any CPU.Build.0 = Debug|Any CPU
		{B0189776-8E98-4582-AB7D-330621E8B94D}.Debug|Any CPU.Deploy.0 = Debug|Any CPU
		{B0189776-8E98-4582-AB7D-330621E8B94D}.Debug|ARM.ActiveCfg = Debug|Any CPU
		{B0189776-8E98-4582-AB7D-330621E8B94D}.Debug|ARM.Build.0 = Debug|Any CPU
		{B0189776-8E98-4582-AB7D-330621E8B94D}.Debug|ARM.Deploy.0 = Debug|Any CPU
		{B0189776-8E98-4582-AB7D-330621E8B94D}.Debug|iPhone.ActiveCfg = Debug|Any CPU
		{B0189776-8E98-4582-AB7D-330621E8B94D}.Debug|iPhone.Build.0 = Debug|Any CPU
		{B0189776-8E98-4582-AB7D-330621E8B94D}.Debug|iPhone.Deploy.0 = Debug|Any CPU
		{B0189776-8E98-4582-AB7D-330621E8B94D}.Debug|iPhoneSimulator.ActiveCfg = Debug|Any CPU
		{B0189776-8E98-4582-AB7D-330621E8B94D}.Debug|iPhoneSimulator.Build.0 = Debug|Any CPU
		{B0189776-8E98-4582-AB7D-330621E8B94D}.Debug|iPhoneSimulator.Deploy.0 = Debug|Any CPU
		{B0189776-8E98-4582-AB7D-330621E8B94D}.Debug|x64.ActiveCfg = Debug|Any CPU
		{B0189776-8E98-4582-AB7D-330621E8B94D}.Debug|x64.Build.0 = Debug|Any CPU
		{B0189776-8E98-4582-AB7D-330621E8B94D}.Debug|x64.Deploy.0 = Debug|Any CPU
		{B0189776-8E98-4582-AB7D-330621E8B94D}.Debug|x86.ActiveCfg = Debug|Any CPU
		{B0189776-8E98-4582-AB7D-330621E8B94D}.Debug|x86.Build.0 = Debug|Any CPU
		{B0189776-8E98-4582-AB7D-330621E8B94D}.Debug|x86.Deploy.0 = Debug|Any CPU
		{B0189776-8E98-4582-AB7D-330621E8B94D}.Release|Any CPU.ActiveCfg = Release|Any CPU
		{B0189776-8E98-4582-AB7D-330621E8B94D}.Release|Any CPU.Build.0 = Release|Any CPU
		{B0189776-8E98-4582-AB7D-330621E8B94D}.Release|Any CPU.Deploy.0 = Release|Any CPU
		{B0189776-8E98-4582-AB7D-330621E8B94D}.Release|ARM.ActiveCfg = Release|Any CPU
		{B0189776-8E98-4582-AB7D-330621E8B94D}.Release|ARM.Build.0 = Release|Any CPU
		{B0189776-8E98-4582-AB7D-330621E8B94D}.Release|ARM.Deploy.0 = Release|Any CPU
		{B0189776-8E98-4582-AB7D-330621E8B94D}.Release|iPhone.ActiveCfg = Release|Any CPU
		{B0189776-8E98-4582-AB7D-330621E8B94D}.Release|iPhone.Build.0 = Release|Any CPU
		{B0189776-8E98-4582-AB7D-330621E8B94D}.Release|iPhone.Deploy.0 = Release|Any CPU
		{B0189776-8E98-4582-AB7D-330621E8B94D}.Release|iPhoneSimulator.ActiveCfg = Release|Any CPU
		{B0189776-8E98-4582-AB7D-330621E8B94D}.Release|iPhoneSimulator.Build.0 = Release|Any CPU
		{B0189776-8E98-4582-AB7D-330621E8B94D}.Release|iPhoneSimulator.Deploy.0 = Release|Any CPU
		{B0189776-8E98-4582-AB7D-330621E8B94D}.Release|x64.ActiveCfg = Release|Any CPU
		{B0189776-8E98-4582-AB7D-330621E8B94D}.Release|x64.Build.0 = Release|Any CPU
		{B0189776-8E98-4582-AB7D-330621E8B94D}.Release|x64.Deploy.0 = Release|Any CPU
		{B0189776-8E98-4582-AB7D-330621E8B94D}.Release|x86.ActiveCfg = Release|Any CPU
		{B0189776-8E98-4582-AB7D-330621E8B94D}.Release|x86.Build.0 = Release|Any CPU
		{B0189776-8E98-4582-AB7D-330621E8B94D}.Release|x86.Deploy.0 = Release|Any CPU
		{A981122B-70AB-460D-8E86-54BD1D022FAD}.Ad-Hoc|Any CPU.ActiveCfg = Ad-Hoc|iPhoneSimulator
		{A981122B-70AB-460D-8E86-54BD1D022FAD}.Ad-Hoc|ARM.ActiveCfg = Ad-Hoc|iPhoneSimulator
		{A981122B-70AB-460D-8E86-54BD1D022FAD}.Ad-Hoc|iPhone.ActiveCfg = Ad-Hoc|iPhone
		{A981122B-70AB-460D-8E86-54BD1D022FAD}.Ad-Hoc|iPhone.Build.0 = Ad-Hoc|iPhone
		{A981122B-70AB-460D-8E86-54BD1D022FAD}.Ad-Hoc|iPhoneSimulator.ActiveCfg = Ad-Hoc|iPhoneSimulator
		{A981122B-70AB-460D-8E86-54BD1D022FAD}.Ad-Hoc|iPhoneSimulator.Build.0 = Ad-Hoc|iPhoneSimulator
		{A981122B-70AB-460D-8E86-54BD1D022FAD}.Ad-Hoc|x64.ActiveCfg = Ad-Hoc|iPhoneSimulator
		{A981122B-70AB-460D-8E86-54BD1D022FAD}.Ad-Hoc|x86.ActiveCfg = Ad-Hoc|iPhoneSimulator
		{A981122B-70AB-460D-8E86-54BD1D022FAD}.AppStore|Any CPU.ActiveCfg = AppStore|iPhoneSimulator
		{A981122B-70AB-460D-8E86-54BD1D022FAD}.AppStore|ARM.ActiveCfg = AppStore|iPhoneSimulator
		{A981122B-70AB-460D-8E86-54BD1D022FAD}.AppStore|iPhone.ActiveCfg = AppStore|iPhone
		{A981122B-70AB-460D-8E86-54BD1D022FAD}.AppStore|iPhone.Build.0 = AppStore|iPhone
		{A981122B-70AB-460D-8E86-54BD1D022FAD}.AppStore|iPhoneSimulator.ActiveCfg = AppStore|iPhoneSimulator
		{A981122B-70AB-460D-8E86-54BD1D022FAD}.AppStore|iPhoneSimulator.Build.0 = AppStore|iPhoneSimulator
		{A981122B-70AB-460D-8E86-54BD1D022FAD}.AppStore|x64.ActiveCfg = AppStore|iPhoneSimulator
		{A981122B-70AB-460D-8E86-54BD1D022FAD}.AppStore|x86.ActiveCfg = AppStore|iPhoneSimulator
		{A981122B-70AB-460D-8E86-54BD1D022FAD}.Debug|Any CPU.ActiveCfg = Debug|iPhoneSimulator
		{A981122B-70AB-460D-8E86-54BD1D022FAD}.Debug|ARM.ActiveCfg = Debug|iPhoneSimulator
		{A981122B-70AB-460D-8E86-54BD1D022FAD}.Debug|iPhone.ActiveCfg = Debug|iPhone
		{A981122B-70AB-460D-8E86-54BD1D022FAD}.Debug|iPhone.Build.0 = Debug|iPhone
		{A981122B-70AB-460D-8E86-54BD1D022FAD}.Debug|iPhoneSimulator.ActiveCfg = Debug|iPhoneSimulator
		{A981122B-70AB-460D-8E86-54BD1D022FAD}.Debug|iPhoneSimulator.Build.0 = Debug|iPhoneSimulator
		{A981122B-70AB-460D-8E86-54BD1D022FAD}.Debug|x64.ActiveCfg = Debug|iPhoneSimulator
		{A981122B-70AB-460D-8E86-54BD1D022FAD}.Debug|x86.ActiveCfg = Debug|iPhoneSimulator
		{A981122B-70AB-460D-8E86-54BD1D022FAD}.Release|Any CPU.ActiveCfg = Release|iPhoneSimulator
		{A981122B-70AB-460D-8E86-54BD1D022FAD}.Release|ARM.ActiveCfg = Release|iPhoneSimulator
		{A981122B-70AB-460D-8E86-54BD1D022FAD}.Release|iPhone.ActiveCfg = Release|iPhone
		{A981122B-70AB-460D-8E86-54BD1D022FAD}.Release|iPhone.Build.0 = Release|iPhone
		{A981122B-70AB-460D-8E86-54BD1D022FAD}.Release|iPhoneSimulator.ActiveCfg = Release|iPhoneSimulator
		{A981122B-70AB-460D-8E86-54BD1D022FAD}.Release|iPhoneSimulator.Build.0 = Release|iPhoneSimulator
		{A981122B-70AB-460D-8E86-54BD1D022FAD}.Release|x64.ActiveCfg = Release|iPhoneSimulator
		{A981122B-70AB-460D-8E86-54BD1D022FAD}.Release|x86.ActiveCfg = Release|iPhoneSimulator
		{3C5257C2-A10C-49DD-9957-A1A9D81CE2C0}.Ad-Hoc|Any CPU.ActiveCfg = Debug|ARM
		{3C5257C2-A10C-49DD-9957-A1A9D81CE2C0}.Ad-Hoc|Any CPU.Build.0 = Debug|ARM
		{3C5257C2-A10C-49DD-9957-A1A9D81CE2C0}.Ad-Hoc|Any CPU.Deploy.0 = Debug|ARM
		{3C5257C2-A10C-49DD-9957-A1A9D81CE2C0}.Ad-Hoc|ARM.ActiveCfg = Debug|ARM
		{3C5257C2-A10C-49DD-9957-A1A9D81CE2C0}.Ad-Hoc|ARM.Build.0 = Debug|ARM
		{3C5257C2-A10C-49DD-9957-A1A9D81CE2C0}.Ad-Hoc|ARM.Deploy.0 = Debug|ARM
		{3C5257C2-A10C-49DD-9957-A1A9D81CE2C0}.Ad-Hoc|iPhone.ActiveCfg = Debug|ARM
		{3C5257C2-A10C-49DD-9957-A1A9D81CE2C0}.Ad-Hoc|iPhone.Build.0 = Debug|ARM
		{3C5257C2-A10C-49DD-9957-A1A9D81CE2C0}.Ad-Hoc|iPhone.Deploy.0 = Debug|ARM
		{3C5257C2-A10C-49DD-9957-A1A9D81CE2C0}.Ad-Hoc|iPhoneSimulator.ActiveCfg = Debug|ARM
		{3C5257C2-A10C-49DD-9957-A1A9D81CE2C0}.Ad-Hoc|iPhoneSimulator.Build.0 = Debug|ARM
		{3C5257C2-A10C-49DD-9957-A1A9D81CE2C0}.Ad-Hoc|iPhoneSimulator.Deploy.0 = Debug|ARM
		{3C5257C2-A10C-49DD-9957-A1A9D81CE2C0}.Ad-Hoc|x64.ActiveCfg = Debug|x64
		{3C5257C2-A10C-49DD-9957-A1A9D81CE2C0}.Ad-Hoc|x64.Build.0 = Debug|x64
		{3C5257C2-A10C-49DD-9957-A1A9D81CE2C0}.Ad-Hoc|x64.Deploy.0 = Debug|x64
		{3C5257C2-A10C-49DD-9957-A1A9D81CE2C0}.Ad-Hoc|x86.ActiveCfg = Debug|x86
		{3C5257C2-A10C-49DD-9957-A1A9D81CE2C0}.Ad-Hoc|x86.Build.0 = Debug|x86
		{3C5257C2-A10C-49DD-9957-A1A9D81CE2C0}.Ad-Hoc|x86.Deploy.0 = Debug|x86
		{3C5257C2-A10C-49DD-9957-A1A9D81CE2C0}.AppStore|Any CPU.ActiveCfg = Debug|ARM
		{3C5257C2-A10C-49DD-9957-A1A9D81CE2C0}.AppStore|Any CPU.Build.0 = Debug|ARM
		{3C5257C2-A10C-49DD-9957-A1A9D81CE2C0}.AppStore|Any CPU.Deploy.0 = Debug|ARM
		{3C5257C2-A10C-49DD-9957-A1A9D81CE2C0}.AppStore|ARM.ActiveCfg = Debug|ARM
		{3C5257C2-A10C-49DD-9957-A1A9D81CE2C0}.AppStore|ARM.Build.0 = Debug|ARM
		{3C5257C2-A10C-49DD-9957-A1A9D81CE2C0}.AppStore|ARM.Deploy.0 = Debug|ARM
		{3C5257C2-A10C-49DD-9957-A1A9D81CE2C0}.AppStore|iPhone.ActiveCfg = Debug|ARM
		{3C5257C2-A10C-49DD-9957-A1A9D81CE2C0}.AppStore|iPhone.Build.0 = Debug|ARM
		{3C5257C2-A10C-49DD-9957-A1A9D81CE2C0}.AppStore|iPhone.Deploy.0 = Debug|ARM
		{3C5257C2-A10C-49DD-9957-A1A9D81CE2C0}.AppStore|iPhoneSimulator.ActiveCfg = Debug|ARM
		{3C5257C2-A10C-49DD-9957-A1A9D81CE2C0}.AppStore|iPhoneSimulator.Build.0 = Debug|ARM
		{3C5257C2-A10C-49DD-9957-A1A9D81CE2C0}.AppStore|iPhoneSimulator.Deploy.0 = Debug|ARM
		{3C5257C2-A10C-49DD-9957-A1A9D81CE2C0}.AppStore|x64.ActiveCfg = Debug|x64
		{3C5257C2-A10C-49DD-9957-A1A9D81CE2C0}.AppStore|x64.Build.0 = Debug|x64
		{3C5257C2-A10C-49DD-9957-A1A9D81CE2C0}.AppStore|x64.Deploy.0 = Debug|x64
		{3C5257C2-A10C-49DD-9957-A1A9D81CE2C0}.AppStore|x86.ActiveCfg = Debug|x86
		{3C5257C2-A10C-49DD-9957-A1A9D81CE2C0}.AppStore|x86.Build.0 = Debug|x86
		{3C5257C2-A10C-49DD-9957-A1A9D81CE2C0}.AppStore|x86.Deploy.0 = Debug|x86
		{3C5257C2-A10C-49DD-9957-A1A9D81CE2C0}.Debug|Any CPU.ActiveCfg = Debug|x86
		{3C5257C2-A10C-49DD-9957-A1A9D81CE2C0}.Debug|ARM.ActiveCfg = Debug|ARM
		{3C5257C2-A10C-49DD-9957-A1A9D81CE2C0}.Debug|ARM.Build.0 = Debug|ARM
		{3C5257C2-A10C-49DD-9957-A1A9D81CE2C0}.Debug|ARM.Deploy.0 = Debug|ARM
		{3C5257C2-A10C-49DD-9957-A1A9D81CE2C0}.Debug|iPhone.ActiveCfg = Debug|x86
		{3C5257C2-A10C-49DD-9957-A1A9D81CE2C0}.Debug|iPhoneSimulator.ActiveCfg = Debug|x86
		{3C5257C2-A10C-49DD-9957-A1A9D81CE2C0}.Debug|x64.ActiveCfg = Debug|x64
		{3C5257C2-A10C-49DD-9957-A1A9D81CE2C0}.Debug|x64.Build.0 = Debug|x64
		{3C5257C2-A10C-49DD-9957-A1A9D81CE2C0}.Debug|x64.Deploy.0 = Debug|x64
		{3C5257C2-A10C-49DD-9957-A1A9D81CE2C0}.Debug|x86.ActiveCfg = Debug|x86
		{3C5257C2-A10C-49DD-9957-A1A9D81CE2C0}.Debug|x86.Build.0 = Debug|x86
		{3C5257C2-A10C-49DD-9957-A1A9D81CE2C0}.Debug|x86.Deploy.0 = Debug|x86
		{3C5257C2-A10C-49DD-9957-A1A9D81CE2C0}.Release|Any CPU.ActiveCfg = Release|x86
		{3C5257C2-A10C-49DD-9957-A1A9D81CE2C0}.Release|ARM.ActiveCfg = Release|ARM
		{3C5257C2-A10C-49DD-9957-A1A9D81CE2C0}.Release|ARM.Build.0 = Release|ARM
		{3C5257C2-A10C-49DD-9957-A1A9D81CE2C0}.Release|ARM.Deploy.0 = Release|ARM
		{3C5257C2-A10C-49DD-9957-A1A9D81CE2C0}.Release|iPhone.ActiveCfg = Release|x86
		{3C5257C2-A10C-49DD-9957-A1A9D81CE2C0}.Release|iPhoneSimulator.ActiveCfg = Release|x86
		{3C5257C2-A10C-49DD-9957-A1A9D81CE2C0}.Release|x64.ActiveCfg = Release|x64
		{3C5257C2-A10C-49DD-9957-A1A9D81CE2C0}.Release|x64.Build.0 = Release|x64
		{3C5257C2-A10C-49DD-9957-A1A9D81CE2C0}.Release|x64.Deploy.0 = Release|x64
		{3C5257C2-A10C-49DD-9957-A1A9D81CE2C0}.Release|x86.ActiveCfg = Release|x86
		{3C5257C2-A10C-49DD-9957-A1A9D81CE2C0}.Release|x86.Build.0 = Release|x86
		{3C5257C2-A10C-49DD-9957-A1A9D81CE2C0}.Release|x86.Deploy.0 = Release|x86
	EndGlobalSection
	GlobalSection(SolutionProperties) = preSolution
		HideSolutionNode = FALSE
	EndGlobalSection
	GlobalSection(ExtensibilityGlobals) = postSolution
		SolutionGuid = {0B970BAF-BB62-4576-95DD-808E3BAE6A99}
	EndGlobalSection
EndGlobal
